// !$*UTF8*$!
{
	archiveVersion = 1;
	classes = {
	};
	objectVersion = 50;
	objects = {

/* Begin PBXBuildFile section */
		2363363A25009DC200EBB615 /* ConfigureCellProtocol.swift in Sources */ = {isa = PBXBuildFile; fileRef = 2363363925009DC200EBB615 /* ConfigureCellProtocol.swift */; };
		236697FB24FF8F130003394B /* SmallCell.swift in Sources */ = {isa = PBXBuildFile; fileRef = 236697FA24FF8F130003394B /* SmallCell.swift */; };
		2369054124FA8A1F0035F0F0 /* AppDelegate.swift in Sources */ = {isa = PBXBuildFile; fileRef = 2369054024FA8A1F0035F0F0 /* AppDelegate.swift */; };
		2369054324FA8A1F0035F0F0 /* SceneDelegate.swift in Sources */ = {isa = PBXBuildFile; fileRef = 2369054224FA8A1F0035F0F0 /* SceneDelegate.swift */; };
		2369054524FA8A1F0035F0F0 /* ViewController.swift in Sources */ = {isa = PBXBuildFile; fileRef = 2369054424FA8A1F0035F0F0 /* ViewController.swift */; };
		2369054A24FA8A210035F0F0 /* Assets.xcassets in Resources */ = {isa = PBXBuildFile; fileRef = 2369054924FA8A210035F0F0 /* Assets.xcassets */; };
		2369054D24FA8A210035F0F0 /* LaunchScreen.storyboard in Resources */ = {isa = PBXBuildFile; fileRef = 2369054B24FA8A210035F0F0 /* LaunchScreen.storyboard */; };
		2369055524FA95A80035F0F0 /* News.swift in Sources */ = {isa = PBXBuildFile; fileRef = 2369055424FA95A80035F0F0 /* News.swift */; };
		2369055924FA95CC0035F0F0 /* Networking.swift in Sources */ = {isa = PBXBuildFile; fileRef = 2369055824FA95CC0035F0F0 /* Networking.swift */; };
		23960C6F24FE54FA0066273C /* String+Extension.swift in Sources */ = {isa = PBXBuildFile; fileRef = 23960C6E24FE54FA0066273C /* String+Extension.swift */; };
		23960C7224FE5D830066273C /* HeaderCell.swift in Sources */ = {isa = PBXBuildFile; fileRef = 23960C7124FE5D830066273C /* HeaderCell.swift */; };
		23960C7524FE5E2B0066273C /* UIImageView+Extension.swift in Sources */ = {isa = PBXBuildFile; fileRef = 23960C7424FE5E2B0066273C /* UIImageView+Extension.swift */; };
		23A23F2524FF62B90010C480 /* DetailViewController.swift in Sources */ = {isa = PBXBuildFile; fileRef = 23A23F2424FF62B90010C480 /* DetailViewController.swift */; };
		23F9A20B24FE1E3300BF3B2F /* ArticleViewModel.swift in Sources */ = {isa = PBXBuildFile; fileRef = 23F9A20A24FE1E3300BF3B2F /* ArticleViewModel.swift */; };
		23F9A20E24FE1E5A00BF3B2F /* Section.swift in Sources */ = {isa = PBXBuildFile; fileRef = 23F9A20D24FE1E5A00BF3B2F /* Section.swift */; };
		23F9A21024FE1E7F00BF3B2F /* LargeCell.swift in Sources */ = {isa = PBXBuildFile; fileRef = 23F9A20F24FE1E7F00BF3B2F /* LargeCell.swift */; };
/* End PBXBuildFile section */

/* Begin PBXFileReference section */
		2363363925009DC200EBB615 /* ConfigureCellProtocol.swift */ = {isa = PBXFileReference; lastKnownFileType = sourcecode.swift; path = ConfigureCellProtocol.swift; sourceTree = "<group>"; };
		236697FA24FF8F130003394B /* SmallCell.swift */ = {isa = PBXFileReference; lastKnownFileType = sourcecode.swift; path = SmallCell.swift; sourceTree = "<group>"; };
		2369053D24FA8A1F0035F0F0 /* NC3-Project.app */ = {isa = PBXFileReference; explicitFileType = wrapper.application; includeInIndex = 0; path = "NC3-Project.app"; sourceTree = BUILT_PRODUCTS_DIR; };
		2369054024FA8A1F0035F0F0 /* AppDelegate.swift */ = {isa = PBXFileReference; lastKnownFileType = sourcecode.swift; path = AppDelegate.swift; sourceTree = "<group>"; };
		2369054224FA8A1F0035F0F0 /* SceneDelegate.swift */ = {isa = PBXFileReference; lastKnownFileType = sourcecode.swift; path = SceneDelegate.swift; sourceTree = "<group>"; };
		2369054424FA8A1F0035F0F0 /* ViewController.swift */ = {isa = PBXFileReference; lastKnownFileType = sourcecode.swift; path = ViewController.swift; sourceTree = "<group>"; };
		2369054924FA8A210035F0F0 /* Assets.xcassets */ = {isa = PBXFileReference; lastKnownFileType = folder.assetcatalog; path = Assets.xcassets; sourceTree = "<group>"; };
		2369054C24FA8A210035F0F0 /* Base */ = {isa = PBXFileReference; lastKnownFileType = file.storyboard; name = Base; path = Base.lproj/LaunchScreen.storyboard; sourceTree = "<group>"; };
		2369054E24FA8A210035F0F0 /* Info.plist */ = {isa = PBXFileReference; lastKnownFileType = text.plist.xml; path = Info.plist; sourceTree = "<group>"; };
		2369055424FA95A80035F0F0 /* News.swift */ = {isa = PBXFileReference; lastKnownFileType = sourcecode.swift; path = News.swift; sourceTree = "<group>"; };
		2369055824FA95CC0035F0F0 /* Networking.swift */ = {isa = PBXFileReference; lastKnownFileType = sourcecode.swift; path = Networking.swift; sourceTree = "<group>"; };
		23960C6E24FE54FA0066273C /* String+Extension.swift */ = {isa = PBXFileReference; lastKnownFileType = sourcecode.swift; path = "String+Extension.swift"; sourceTree = "<group>"; };
		23960C7124FE5D830066273C /* HeaderCell.swift */ = {isa = PBXFileReference; lastKnownFileType = sourcecode.swift; path = HeaderCell.swift; sourceTree = "<group>"; };
		23960C7424FE5E2B0066273C /* UIImageView+Extension.swift */ = {isa = PBXFileReference; lastKnownFileType = sourcecode.swift; path = "UIImageView+Extension.swift"; sourceTree = "<group>"; };
		23A23F2424FF62B90010C480 /* DetailViewController.swift */ = {isa = PBXFileReference; lastKnownFileType = sourcecode.swift; path = DetailViewController.swift; sourceTree = "<group>"; };
		23F9A20A24FE1E3300BF3B2F /* ArticleViewModel.swift */ = {isa = PBXFileReference; lastKnownFileType = sourcecode.swift; path = ArticleViewModel.swift; sourceTree = "<group>"; };
		23F9A20D24FE1E5A00BF3B2F /* Section.swift */ = {isa = PBXFileReference; lastKnownFileType = sourcecode.swift; path = Section.swift; sourceTree = "<group>"; };
		23F9A20F24FE1E7F00BF3B2F /* LargeCell.swift */ = {isa = PBXFileReference; lastKnownFileType = sourcecode.swift; path = LargeCell.swift; sourceTree = "<group>"; };
/* End PBXFileReference section */

/* Begin PBXFrameworksBuildPhase section */
		2369053A24FA8A1F0035F0F0 /* Frameworks */ = {
			isa = PBXFrameworksBuildPhase;
			buildActionMask = 2147483647;
			files = (
			);
			runOnlyForDeploymentPostprocessing = 0;
		};
/* End PBXFrameworksBuildPhase section */

/* Begin PBXGroup section */
		2363363B25009DC600EBB615 /* Protocols */ = {
			isa = PBXGroup;
			children = (
				2363363925009DC200EBB615 /* ConfigureCellProtocol.swift */,
			);
			path = Protocols;
			sourceTree = "<group>";
		};
		2369053424FA8A1F0035F0F0 = {
			isa = PBXGroup;
			children = (
				2369053F24FA8A1F0035F0F0 /* NC3-Project */,
				2369053E24FA8A1F0035F0F0 /* Products */,
			);
			sourceTree = "<group>";
		};
		2369053E24FA8A1F0035F0F0 /* Products */ = {
			isa = PBXGroup;
			children = (
				2369053D24FA8A1F0035F0F0 /* NC3-Project.app */,
			);
			name = Products;
			sourceTree = "<group>";
		};
		2369053F24FA8A1F0035F0F0 /* NC3-Project */ = {
			isa = PBXGroup;
			children = (
				2369054024FA8A1F0035F0F0 /* AppDelegate.swift */,
				2369054224FA8A1F0035F0F0 /* SceneDelegate.swift */,
				2363363B25009DC600EBB615 /* Protocols */,
				23960C7024FE57510066273C /* Extensions */,
				2369055A24FA961C0035F0F0 /* Services */,
				2369055624FA95B40035F0F0 /* Models */,
				23F9A20C24FE1E3600BF3B2F /* ViewModels */,
				2369055724FA95B80035F0F0 /* Views */,
				23960C7324FE5D890066273C /* CustomCells */,
				2369054B24FA8A210035F0F0 /* LaunchScreen.storyboard */,
				2369054924FA8A210035F0F0 /* Assets.xcassets */,
				2369054E24FA8A210035F0F0 /* Info.plist */,
			);
			path = "NC3-Project";
			sourceTree = "<group>";
		};
		2369055624FA95B40035F0F0 /* Models */ = {
			isa = PBXGroup;
			children = (
				2369055424FA95A80035F0F0 /* News.swift */,
				23F9A20D24FE1E5A00BF3B2F /* Section.swift */,
			);
			path = Models;
			sourceTree = "<group>";
		};
		2369055724FA95B80035F0F0 /* Views */ = {
			isa = PBXGroup;
			children = (
				2369054424FA8A1F0035F0F0 /* ViewController.swift */,
				23A23F2424FF62B90010C480 /* DetailViewController.swift */,
			);
			path = Views;
			sourceTree = "<group>";
		};
		2369055A24FA961C0035F0F0 /* Services */ = {
			isa = PBXGroup;
			children = (
				2369055824FA95CC0035F0F0 /* Networking.swift */,
			);
			path = Services;
			sourceTree = "<group>";
		};
		23960C7024FE57510066273C /* Extensions */ = {
			isa = PBXGroup;
			children = (
				23960C6E24FE54FA0066273C /* String+Extension.swift */,
				23960C7424FE5E2B0066273C /* UIImageView+Extension.swift */,
			);
			path = Extensions;
			sourceTree = "<group>";
		};
		23960C7324FE5D890066273C /* CustomCells */ = {
			isa = PBXGroup;
			children = (
				23F9A20F24FE1E7F00BF3B2F /* LargeCell.swift */,
				236697FA24FF8F130003394B /* SmallCell.swift */,
				23960C7124FE5D830066273C /* HeaderCell.swift */,
			);
			path = CustomCells;
			sourceTree = "<group>";
		};
		23F9A20C24FE1E3600BF3B2F /* ViewModels */ = {
			isa = PBXGroup;
			children = (
				23F9A20A24FE1E3300BF3B2F /* ArticleViewModel.swift */,
			);
			path = ViewModels;
			sourceTree = "<group>";
		};
/* End PBXGroup section */

/* Begin PBXNativeTarget section */
		2369053C24FA8A1F0035F0F0 /* NC3-Project */ = {
			isa = PBXNativeTarget;
			buildConfigurationList = 2369055124FA8A210035F0F0 /* Build configuration list for PBXNativeTarget "NC3-Project" */;
			buildPhases = (
				2369053924FA8A1F0035F0F0 /* Sources */,
				2369053A24FA8A1F0035F0F0 /* Frameworks */,
				2369053B24FA8A1F0035F0F0 /* Resources */,
			);
			buildRules = (
			);
			dependencies = (
			);
			name = "NC3-Project";
			productName = "NC3-Project";
			productReference = 2369053D24FA8A1F0035F0F0 /* NC3-Project.app */;
			productType = "com.apple.product-type.application";
		};
/* End PBXNativeTarget section */

/* Begin PBXProject section */
		2369053524FA8A1F0035F0F0 /* Project object */ = {
			isa = PBXProject;
			attributes = {
				LastSwiftUpdateCheck = 1160;
				LastUpgradeCheck = 1160;
				ORGANIZATIONNAME = Windy;
				TargetAttributes = {
					2369053C24FA8A1F0035F0F0 = {
						CreatedOnToolsVersion = 11.6;
					};
				};
			};
			buildConfigurationList = 2369053824FA8A1F0035F0F0 /* Build configuration list for PBXProject "NC3-Project" */;
			compatibilityVersion = "Xcode 9.3";
			developmentRegion = en;
			hasScannedForEncodings = 0;
			knownRegions = (
				en,
				Base,
			);
			mainGroup = 2369053424FA8A1F0035F0F0;
			productRefGroup = 2369053E24FA8A1F0035F0F0 /* Products */;
			projectDirPath = "";
			projectRoot = "";
			targets = (
				2369053C24FA8A1F0035F0F0 /* NC3-Project */,
			);
		};
/* End PBXProject section */

/* Begin PBXResourcesBuildPhase section */
		2369053B24FA8A1F0035F0F0 /* Resources */ = {
			isa = PBXResourcesBuildPhase;
			buildActionMask = 2147483647;
			files = (
				2369054D24FA8A210035F0F0 /* LaunchScreen.storyboard in Resources */,
				2369054A24FA8A210035F0F0 /* Assets.xcassets in Resources */,
			);
			runOnlyForDeploymentPostprocessing = 0;
		};
/* End PBXResourcesBuildPhase section */

/* Begin PBXSourcesBuildPhase section */
		2369053924FA8A1F0035F0F0 /* Sources */ = {
			isa = PBXSourcesBuildPhase;
			buildActionMask = 2147483647;
			files = (
				2369055924FA95CC0035F0F0 /* Networking.swift in Sources */,
				2369054524FA8A1F0035F0F0 /* ViewController.swift in Sources */,
				2369054124FA8A1F0035F0F0 /* AppDelegate.swift in Sources */,
				23A23F2524FF62B90010C480 /* DetailViewController.swift in Sources */,
				2363363A25009DC200EBB615 /* ConfigureCellProtocol.swift in Sources */,
				23960C6F24FE54FA0066273C /* String+Extension.swift in Sources */,
				23F9A21024FE1E7F00BF3B2F /* LargeCell.swift in Sources */,
				2369055524FA95A80035F0F0 /* News.swift in Sources */,
				23960C7224FE5D830066273C /* HeaderCell.swift in Sources */,
				23960C7524FE5E2B0066273C /* UIImageView+Extension.swift in Sources */,
				236697FB24FF8F130003394B /* SmallCell.swift in Sources */,
				23F9A20E24FE1E5A00BF3B2F /* Section.swift in Sources */,
				23F9A20B24FE1E3300BF3B2F /* ArticleViewModel.swift in Sources */,
				2369054324FA8A1F0035F0F0 /* SceneDelegate.swift in Sources */,
			);
			runOnlyForDeploymentPostprocessing = 0;
		};
/* End PBXSourcesBuildPhase section */

/* Begin PBXVariantGroup section */
		2369054B24FA8A210035F0F0 /* LaunchScreen.storyboard */ = {
			isa = PBXVariantGroup;
			children = (
				2369054C24FA8A210035F0F0 /* Base */,
			);
			name = LaunchScreen.storyboard;
			sourceTree = "<group>";
		};
/* End PBXVariantGroup section */

/* Begin XCBuildConfiguration section */
		2369054F24FA8A210035F0F0 /* Debug */ = {
			isa = XCBuildConfiguration;
			buildSettings = {
				ALWAYS_SEARCH_USER_PATHS = NO;
				CLANG_ANALYZER_NONNULL = YES;
				CLANG_ANALYZER_NUMBER_OBJECT_CONVERSION = YES_AGGRESSIVE;
				CLANG_CXX_LANGUAGE_STANDARD = "gnu++14";
				CLANG_CXX_LIBRARY = "libc++";
				CLANG_ENABLE_MODULES = YES;
				CLANG_ENABLE_OBJC_ARC = YES;
				CLANG_ENABLE_OBJC_WEAK = YES;
				CLANG_WARN_BLOCK_CAPTURE_AUTORELEASING = YES;
				CLANG_WARN_BOOL_CONVERSION = YES;
				CLANG_WARN_COMMA = YES;
				CLANG_WARN_CONSTANT_CONVERSION = YES;
				CLANG_WARN_DEPRECATED_OBJC_IMPLEMENTATIONS = YES;
				CLANG_WARN_DIRECT_OBJC_ISA_USAGE = YES_ERROR;
				CLANG_WARN_DOCUMENTATION_COMMENTS = YES;
				CLANG_WARN_EMPTY_BODY = YES;
				CLANG_WARN_ENUM_CONVERSION = YES;
				CLANG_WARN_INFINITE_RECURSION = YES;
				CLANG_WARN_INT_CONVERSION = YES;
				CLANG_WARN_NON_LITERAL_NULL_CONVERSION = YES;
				CLANG_WARN_OBJC_IMPLICIT_RETAIN_SELF = YES;
				CLANG_WARN_OBJC_LITERAL_CONVERSION = YES;
				CLANG_WARN_OBJC_ROOT_CLASS = YES_ERROR;
				CLANG_WARN_RANGE_LOOP_ANALYSIS = YES;
				CLANG_WARN_STRICT_PROTOTYPES = YES;
				CLANG_WARN_SUSPICIOUS_MOVE = YES;
				CLANG_WARN_UNGUARDED_AVAILABILITY = YES_AGGRESSIVE;
				CLANG_WARN_UNREACHABLE_CODE = YES;
				CLANG_WARN__DUPLICATE_METHOD_MATCH = YES;
				COPY_PHASE_STRIP = NO;
				DEBUG_INFORMATION_FORMAT = dwarf;
				ENABLE_STRICT_OBJC_MSGSEND = YES;
				ENABLE_TESTABILITY = YES;
				GCC_C_LANGUAGE_STANDARD = gnu11;
				GCC_DYNAMIC_NO_PIC = NO;
				GCC_NO_COMMON_BLOCKS = YES;
				GCC_OPTIMIZATION_LEVEL = 0;
				GCC_PREPROCESSOR_DEFINITIONS = (
					"DEBUG=1",
					"$(inherited)",
				);
				GCC_WARN_64_TO_32_BIT_CONVERSION = YES;
				GCC_WARN_ABOUT_RETURN_TYPE = YES_ERROR;
				GCC_WARN_UNDECLARED_SELECTOR = YES;
				GCC_WARN_UNINITIALIZED_AUTOS = YES_AGGRESSIVE;
				GCC_WARN_UNUSED_FUNCTION = YES;
				GCC_WARN_UNUSED_VARIABLE = YES;
				IPHONEOS_DEPLOYMENT_TARGET = 13.6;
				MTL_ENABLE_DEBUG_INFO = INCLUDE_SOURCE;
				MTL_FAST_MATH = YES;
				ONLY_ACTIVE_ARCH = YES;
				SDKROOT = iphoneos;
				SWIFT_ACTIVE_COMPILATION_CONDITIONS = DEBUG;
				SWIFT_OPTIMIZATION_LEVEL = "-Onone";
			};
			name = Debug;
		};
		2369055024FA8A210035F0F0 /* Release */ = {
			isa = XCBuildConfiguration;
			buildSettings = {
				ALWAYS_SEARCH_USER_PATHS = NO;
				CLANG_ANALYZER_NONNULL = YES;
				CLANG_ANALYZER_NUMBER_OBJECT_CONVERSION = YES_AGGRESSIVE;
				CLANG_CXX_LANGUAGE_STANDARD = "gnu++14";
				CLANG_CXX_LIBRARY = "libc++";
				CLANG_ENABLE_MODULES = YES;
				CLANG_ENABLE_OBJC_ARC = YES;
				CLANG_ENABLE_OBJC_WEAK = YES;
				CLANG_WARN_BLOCK_CAPTURE_AUTORELEASING = YES;
				CLANG_WARN_BOOL_CONVERSION = YES;
				CLANG_WARN_COMMA = YES;
				CLANG_WARN_CONSTANT_CONVERSION = YES;
				CLANG_WARN_DEPRECATED_OBJC_IMPLEMENTATIONS = YES;
				CLANG_WARN_DIRECT_OBJC_ISA_USAGE = YES_ERROR;
				CLANG_WARN_DOCUMENTATION_COMMENTS = YES;
				CLANG_WARN_EMPTY_BODY = YES;
				CLANG_WARN_ENUM_CONVERSION = YES;
				CLANG_WARN_INFINITE_RECURSION = YES;
				CLANG_WARN_INT_CONVERSION = YES;
				CLANG_WARN_NON_LITERAL_NULL_CONVERSION = YES;
				CLANG_WARN_OBJC_IMPLICIT_RETAIN_SELF = YES;
				CLANG_WARN_OBJC_LITERAL_CONVERSION = YES;
				CLANG_WARN_OBJC_ROOT_CLASS = YES_ERROR;
				CLANG_WARN_RANGE_LOOP_ANALYSIS = YES;
				CLANG_WARN_STRICT_PROTOTYPES = YES;
				CLANG_WARN_SUSPICIOUS_MOVE = YES;
				CLANG_WARN_UNGUARDED_AVAILABILITY = YES_AGGRESSIVE;
				CLANG_WARN_UNREACHABLE_CODE = YES;
				CLANG_WARN__DUPLICATE_METHOD_MATCH = YES;
				COPY_PHASE_STRIP = NO;
				DEBUG_INFORMATION_FORMAT = "dwarf-with-dsym";
				ENABLE_NS_ASSERTIONS = NO;
				ENABLE_STRICT_OBJC_MSGSEND = YES;
				GCC_C_LANGUAGE_STANDARD = gnu11;
				GCC_NO_COMMON_BLOCKS = YES;
				GCC_WARN_64_TO_32_BIT_CONVERSION = YES;
				GCC_WARN_ABOUT_RETURN_TYPE = YES_ERROR;
				GCC_WARN_UNDECLARED_SELECTOR = YES;
				GCC_WARN_UNINITIALIZED_AUTOS = YES_AGGRESSIVE;
				GCC_WARN_UNUSED_FUNCTION = YES;
				GCC_WARN_UNUSED_VARIABLE = YES;
				IPHONEOS_DEPLOYMENT_TARGET = 13.6;
				MTL_ENABLE_DEBUG_INFO = NO;
				MTL_FAST_MATH = YES;
				SDKROOT = iphoneos;
				SWIFT_COMPILATION_MODE = wholemodule;
				SWIFT_OPTIMIZATION_LEVEL = "-O";
				VALIDATE_PRODUCT = YES;
			};
			name = Release;
		};
		2369055224FA8A210035F0F0 /* Debug */ = {
			isa = XCBuildConfiguration;
			buildSettings = {
				ASSETCATALOG_COMPILER_APPICON_NAME = AppIcon;
				CODE_SIGN_STYLE = Automatic;
				DEVELOPMENT_TEAM = S9J6B4A78J;
				INFOPLIST_FILE = "NC3-Project/Info.plist";
				IPHONEOS_DEPLOYMENT_TARGET = 13.0;
				LD_RUNPATH_SEARCH_PATHS = (
					"$(inherited)",
					"@executable_path/Frameworks",
				);
				PRODUCT_BUNDLE_IDENTIFIER = "com.windy.NC3-Project";
				PRODUCT_NAME = "$(TARGET_NAME)";
				SWIFT_VERSION = 5.0;
				TARGETED_DEVICE_FAMILY = "1,2";
			};
			name = Debug;
		};
		2369055324FA8A210035F0F0 /* Release */ = {
			isa = XCBuildConfiguration;
			buildSettings = {
				ASSETCATALOG_COMPILER_APPICON_NAME = AppIcon;
				CODE_SIGN_STYLE = Automatic;
				DEVELOPMENT_TEAM = S9J6B4A78J;
				INFOPLIST_FILE = "NC3-Project/Info.plist";
				IPHONEOS_DEPLOYMENT_TARGET = 13.0;
				LD_RUNPATH_SEARCH_PATHS = (
					"$(inherited)",
					"@executable_path/Frameworks",
				);
				PRODUCT_BUNDLE_IDENTIFIER = "com.windy.NC3-Project";
				PRODUCT_NAME = "$(TARGET_NAME)";
				SWIFT_VERSION = 5.0;
				TARGETED_DEVICE_FAMILY = "1,2";
			};
			name = Release;
		};
/* End XCBuildConfiguration section */

/* Begin XCConfigurationList section */
		2369053824FA8A1F0035F0F0 /* Build configuration list for PBXProject "NC3-Project" */ = {
			isa = XCConfigurationList;
			buildConfigurations = (
				2369054F24FA8A210035F0F0 /* Debug */,
				2369055024FA8A210035F0F0 /* Release */,
			);
			defaultConfigurationIsVisible = 0;
			defaultConfigurationName = Release;
		};
		2369055124FA8A210035F0F0 /* Build configuration list for PBXNativeTarget "NC3-Project" */ = {
			isa = XCConfigurationList;
			buildConfigurations = (
				2369055224FA8A210035F0F0 /* Debug */,
				2369055324FA8A210035F0F0 /* Release */,
			);
			defaultConfigurationIsVisible = 0;
			defaultConfigurationName = Release;
		};
/* End XCConfigurationList section */
	};
	rootObject = 2369053524FA8A1F0035F0F0 /* Project object */;
}
